// !$*UTF8*$!
{
	archiveVersion = 1;
	classes = {
	};
	objectVersion = 50;
	objects = {

/* Begin PBXBuildFile section */
		21478088258CC26A00E8671B /* StartViewController.swift in Sources */ = {isa = PBXBuildFile; fileRef = 21478087258CC26A00E8671B /* StartViewController.swift */; };
		21631567257A2BDE00353874 /* AppDelegate.swift in Sources */ = {isa = PBXBuildFile; fileRef = 21631566257A2BDE00353874 /* AppDelegate.swift */; };
		21631569257A2BDE00353874 /* SceneDelegate.swift in Sources */ = {isa = PBXBuildFile; fileRef = 21631568257A2BDE00353874 /* SceneDelegate.swift */; };
		2163156B257A2BDE00353874 /* ChangeColorViewController.swift in Sources */ = {isa = PBXBuildFile; fileRef = 2163156A257A2BDE00353874 /* ChangeColorViewController.swift */; };
		2163156E257A2BDE00353874 /* Main.storyboard in Resources */ = {isa = PBXBuildFile; fileRef = 2163156C257A2BDE00353874 /* Main.storyboard */; };
		21631570257A2BDE00353874 /* Assets.xcassets in Resources */ = {isa = PBXBuildFile; fileRef = 2163156F257A2BDE00353874 /* Assets.xcassets */; };
		21631573257A2BDE00353874 /* LaunchScreen.storyboard in Resources */ = {isa = PBXBuildFile; fileRef = 21631571257A2BDE00353874 /* LaunchScreen.storyboard */; };
/* End PBXBuildFile section */

/* Begin PBXFileReference section */
		21478087258CC26A00E8671B /* StartViewController.swift */ = {isa = PBXFileReference; lastKnownFileType = sourcecode.swift; path = StartViewController.swift; sourceTree = "<group>"; };
		21631563257A2BDE00353874 /* ChangeColor.app */ = {isa = PBXFileReference; explicitFileType = wrapper.application; includeInIndex = 0; path = ChangeColor.app; sourceTree = BUILT_PRODUCTS_DIR; };
		21631566257A2BDE00353874 /* AppDelegate.swift */ = {isa = PBXFileReference; lastKnownFileType = sourcecode.swift; path = AppDelegate.swift; sourceTree = "<group>"; };
		21631568257A2BDE00353874 /* SceneDelegate.swift */ = {isa = PBXFileReference; lastKnownFileType = sourcecode.swift; path = SceneDelegate.swift; sourceTree = "<group>"; };
		2163156A257A2BDE00353874 /* ChangeColorViewController.swift */ = {isa = PBXFileReference; lastKnownFileType = sourcecode.swift; path = ChangeColorViewController.swift; sourceTree = "<group>"; };
		2163156D257A2BDE00353874 /* Base */ = {isa = PBXFileReference; lastKnownFileType = file.storyboard; name = Base; path = Base.lproj/Main.storyboard; sourceTree = "<group>"; };
		2163156F257A2BDE00353874 /* Assets.xcassets */ = {isa = PBXFileReference; lastKnownFileType = folder.assetcatalog; path = Assets.xcassets; sourceTree = "<group>"; };
		21631572257A2BDE00353874 /* Base */ = {isa = PBXFileReference; lastKnownFileType = file.storyboard; name = Base; path = Base.lproj/LaunchScreen.storyboard; sourceTree = "<group>"; };
		21631574257A2BDE00353874 /* Info.plist */ = {isa = PBXFileReference; lastKnownFileType = text.plist.xml; path = Info.plist; sourceTree = "<group>"; };
/* End PBXFileReference section */

/* Begin PBXFrameworksBuildPhase section */
		21631560257A2BDE00353874 /* Frameworks */ = {
			isa = PBXFrameworksBuildPhase;
			buildActionMask = 2147483647;
			files = (
			);
			runOnlyForDeploymentPostprocessing = 0;
		};
/* End PBXFrameworksBuildPhase section */

/* Begin PBXGroup section */
		2163155A257A2BDE00353874 = {
			isa = PBXGroup;
			children = (
				21631565257A2BDE00353874 /* ChangeColor */,
				21631564257A2BDE00353874 /* Products */,
			);
			sourceTree = "<group>";
		};
		21631564257A2BDE00353874 /* Products */ = {
			isa = PBXGroup;
			children = (
				21631563257A2BDE00353874 /* ChangeColor.app */,
			);
			name = Products;
			sourceTree = "<group>";
		};
		21631565257A2BDE00353874 /* ChangeColor */ = {
			isa = PBXGroup;
			children = (
				21631566257A2BDE00353874 /* AppDelegate.swift */,
				21631568257A2BDE00353874 /* SceneDelegate.swift */,
				21478087258CC26A00E8671B /* StartViewController.swift */,
				2163156A257A2BDE00353874 /* ChangeColorViewController.swift */,
				2163156C257A2BDE00353874 /* Main.storyboard */,
				2163156F257A2BDE00353874 /* Assets.xcassets */,
				21631571257A2BDE00353874 /* LaunchScreen.storyboard */,
				21631574257A2BDE00353874 /* Info.plist */,
			);
			path = ChangeColor;
			sourceTree = "<group>";
		};
/* End PBXGroup section */

/* Begin PBXNativeTarget section */
		21631562257A2BDE00353874 /* ChangeColor */ = {
			isa = PBXNativeTarget;
			buildConfigurationList = 21631577257A2BDE00353874 /* Build configuration list for PBXNativeTarget "ChangeColor" */;
			buildPhases = (
				2163155F257A2BDE00353874 /* Sources */,
				21631560257A2BDE00353874 /* Frameworks */,
				21631561257A2BDE00353874 /* Resources */,
			);
			buildRules = (
			);
			dependencies = (
			);
			name = ChangeColor;
			productName = ChangeColor;
			productReference = 21631563257A2BDE00353874 /* ChangeColor.app */;
			productType = "com.apple.product-type.application";
		};
/* End PBXNativeTarget section */

/* Begin PBXProject section */
		2163155B257A2BDE00353874 /* Project object */ = {
			isa = PBXProject;
			attributes = {
				LastSwiftUpdateCheck = 1220;
				LastUpgradeCheck = 1220;
				TargetAttributes = {
					21631562257A2BDE00353874 = {
						CreatedOnToolsVersion = 12.2;
					};
				};
			};
			buildConfigurationList = 2163155E257A2BDE00353874 /* Build configuration list for PBXProject "ChangeColor" */;
			compatibilityVersion = "Xcode 9.3";
			developmentRegion = en;
			hasScannedForEncodings = 0;
			knownRegions = (
				en,
				Base,
			);
			mainGroup = 2163155A257A2BDE00353874;
			productRefGroup = 21631564257A2BDE00353874 /* Products */;
			projectDirPath = "";
			projectRoot = "";
			targets = (
				21631562257A2BDE00353874 /* ChangeColor */,
			);
		};
/* End PBXProject section */

/* Begin PBXResourcesBuildPhase section */
		21631561257A2BDE00353874 /* Resources */ = {
			isa = PBXResourcesBuildPhase;
			buildActionMask = 2147483647;
			files = (
				21631573257A2BDE00353874 /* LaunchScreen.storyboard in Resources */,
				21631570257A2BDE00353874 /* Assets.xcassets in Resources */,
				2163156E257A2BDE00353874 /* Main.storyboard in Resources */,
			);
			runOnlyForDeploymentPostprocessing = 0;
		};
/* End PBXResourcesBuildPhase section */

/* Begin PBXSourcesBuildPhase section */
		2163155F257A2BDE00353874 /* Sources */ = {
			isa = PBXSourcesBuildPhase;
			buildActionMask = 2147483647;
			files = (
				2163156B257A2BDE00353874 /* ChangeColorViewController.swift in Sources */,
				21478088258CC26A00E8671B /* StartViewController.swift in Sources */,
				21631567257A2BDE00353874 /* AppDelegate.swift in Sources */,
				21631569257A2BDE00353874 /* SceneDelegate.swift in Sources */,
			);
			runOnlyForDeploymentPostprocessing = 0;
		};
/* End PBXSourcesBuildPhase section */

/* Begin PBXVariantGroup section */
		2163156C257A2BDE00353874 /* Main.storyboard */ = {
			isa = PBXVariantGroup;
			children = (
				2163156D257A2BDE00353874 /* Base */,
			);
			name = Main.storyboard;
			sourceTree = "<group>";
		};
		21631571257A2BDE00353874 /* LaunchScreen.storyboard */ = {
			isa = PBXVariantGroup;
			children = (
				21631572257A2BDE00353874 /* Base */,
			);
			name = LaunchScreen.storyboard;
			sourceTree = "<group>";
		};
/* End PBXVariantGroup section */

/* Begin XCBuildConfiguration section */
		21631575257A2BDE00353874 /* Debug */ = {
			isa = XCBuildConfiguration;
			buildSettings = {
				ALWAYS_SEARCH_USER_PATHS = NO;
				CLANG_ANALYZER_NONNULL = YES;
				CLANG_ANALYZER_NUMBER_OBJECT_CONVERSION = YES_AGGRESSIVE;
				CLANG_CXX_LANGUAGE_STANDARD = "gnu++14";
				CLANG_CXX_LIBRARY = "libc++";
				CLANG_ENABLE_MODULES = YES;
				CLANG_ENABLE_OBJC_ARC = YES;
				CLANG_ENABLE_OBJC_WEAK = YES;
				CLANG_WARN_BLOCK_CAPTURE_AUTORELEASING = YES;
				CLANG_WARN_BOOL_CONVERSION = YES;
				CLANG_WARN_COMMA = YES;
				CLANG_WARN_CONSTANT_CONVERSION = YES;
				CLANG_WARN_DEPRECATED_OBJC_IMPLEMENTATIONS = YES;
				CLANG_WARN_DIRECT_OBJC_ISA_USAGE = YES_ERROR;
				CLANG_WARN_DOCUMENTATION_COMMENTS = YES;
				CLANG_WARN_EMPTY_BODY = YES;
				CLANG_WARN_ENUM_CONVERSION = YES;
				CLANG_WARN_INFINITE_RECURSION = YES;
				CLANG_WARN_INT_CONVERSION = YES;
				CLANG_WARN_NON_LITERAL_NULL_CONVERSION = YES;
				CLANG_WARN_OBJC_IMPLICIT_RETAIN_SELF = YES;
				CLANG_WARN_OBJC_LITERAL_CONVERSION = YES;
				CLANG_WARN_OBJC_ROOT_CLASS = YES_ERROR;
				CLANG_WARN_QUOTED_INCLUDE_IN_FRAMEWORK_HEADER = YES;
				CLANG_WARN_RANGE_LOOP_ANALYSIS = YES;
				CLANG_WARN_STRICT_PROTOTYPES = YES;
				CLANG_WARN_SUSPICIOUS_MOVE = YES;
				CLANG_WARN_UNGUARDED_AVAILABILITY = YES_AGGRESSIVE;
				CLANG_WARN_UNREACHABLE_CODE = YES;
				CLANG_WARN__DUPLICATE_METHOD_MATCH = YES;
				COPY_PHASE_STRIP = NO;
				DEBUG_INFORMATION_FORMAT = dwarf;
				ENABLE_STRICT_OBJC_MSGSEND = YES;
				ENABLE_TESTABILITY = YES;
				GCC_C_LANGUAGE_STANDARD = gnu11;
				GCC_DYNAMIC_NO_PIC = NO;
				GCC_NO_COMMON_BLOCKS = YES;
				GCC_OPTIMIZATION_LEVEL = 0;
				GCC_PREPROCESSOR_DEFINITIONS = (
					"DEBUG=1",
					"$(inherited)",
				);
				GCC_WARN_64_TO_32_BIT_CONVERSION = YES;
				GCC_WARN_ABOUT_RETURN_TYPE = YES_ERROR;
				GCC_WARN_UNDECLARED_SELECTOR = YES;
				GCC_WARN_UNINITIALIZED_AUTOS = YES_AGGRESSIVE;
				GCC_WARN_UNUSED_FUNCTION = YES;
				GCC_WARN_UNUSED_VARIABLE = YES;
				IPHONEOS_DEPLOYMENT_TARGET = 14.2;
				MTL_ENABLE_DEBUG_INFO = INCLUDE_SOURCE;
				MTL_FAST_MATH = YES;
				ONLY_ACTIVE_ARCH = YES;
				SDKROOT = iphoneos;
				SWIFT_ACTIVE_COMPILATION_CONDITIONS = DEBUG;
				SWIFT_OPTIMIZATION_LEVEL = "-Onone";
			};
			name = Debug;
		};
		21631576257A2BDE00353874 /* Release */ = {
			isa = XCBuildConfiguration;
			buildSettings = {
				ALWAYS_SEARCH_USER_PATHS = NO;
				CLANG_ANALYZER_NONNULL = YES;
				CLANG_ANALYZER_NUMBER_OBJECT_CONVERSION = YES_AGGRESSIVE;
				CLANG_CXX_LANGUAGE_STANDARD = "gnu++14";
				CLANG_CXX_LIBRARY = "libc++";
				CLANG_ENABLE_MODULES = YES;
				CLANG_ENABLE_OBJC_ARC = YES;
				CLANG_ENABLE_OBJC_WEAK = YES;
				CLANG_WARN_BLOCK_CAPTURE_AUTORELEASING = YES;
				CLANG_WARN_BOOL_CONVERSION = YES;
				CLANG_WARN_COMMA = YES;
				CLANG_WARN_CONSTANT_CONVERSION = YES;
				CLANG_WARN_DEPRECATED_OBJC_IMPLEMENTATIONS = YES;
				CLANG_WARN_DIRECT_OBJC_ISA_USAGE = YES_ERROR;
				CLANG_WARN_DOCUMENTATION_COMMENTS = YES;
				CLANG_WARN_EMPTY_BODY = YES;
				CLANG_WARN_ENUM_CONVERSION = YES;
				CLANG_WARN_INFINITE_RECURSION = YES;
				CLANG_WARN_INT_CONVERSION = YES;
				CLANG_WARN_NON_LITERAL_NULL_CONVERSION = YES;
				CLANG_WARN_OBJC_IMPLICIT_RETAIN_SELF = YES;
				CLANG_WARN_OBJC_LITERAL_CONVERSION = YES;
				CLANG_WARN_OBJC_ROOT_CLASS = YES_ERROR;
				CLANG_WARN_QUOTED_INCLUDE_IN_FRAMEWORK_HEADER = YES;
				CLANG_WARN_RANGE_LOOP_ANALYSIS = YES;
				CLANG_WARN_STRICT_PROTOTYPES = YES;
				CLANG_WARN_SUSPICIOUS_MOVE = YES;
				CLANG_WARN_UNGUARDED_AVAILABILITY = YES_AGGRESSIVE;
				CLANG_WARN_UNREACHABLE_CODE = YES;
				CLANG_WARN__DUPLICATE_METHOD_MATCH = YES;
				COPY_PHASE_STRIP = NO;
				DEBUG_INFORMATION_FORMAT = "dwarf-with-dsym";
				ENABLE_NS_ASSERTIONS = NO;
				ENABLE_STRICT_OBJC_MSGSEND = YES;
				GCC_C_LANGUAGE_STANDARD = gnu11;
				GCC_NO_COMMON_BLOCKS = YES;
				GCC_WARN_64_TO_32_BIT_CONVERSION = YES;
				GCC_WARN_ABOUT_RETURN_TYPE = YES_ERROR;
				GCC_WARN_UNDECLARED_SELECTOR = YES;
				GCC_WARN_UNINITIALIZED_AUTOS = YES_AGGRESSIVE;
				GCC_WARN_UNUSED_FUNCTION = YES;
				GCC_WARN_UNUSED_VARIABLE = YES;
				IPHONEOS_DEPLOYMENT_TARGET = 14.2;
				MTL_ENABLE_DEBUG_INFO = NO;
				MTL_FAST_MATH = YES;
				SDKROOT = iphoneos;
				SWIFT_COMPILATION_MODE = wholemodule;
				SWIFT_OPTIMIZATION_LEVEL = "-O";
				VALIDATE_PRODUCT = YES;
			};
			name = Release;
		};
		21631578257A2BDE00353874 /* Debug */ = {
			isa = XCBuildConfiguration;
			buildSettings = {
				ASSETCATALOG_COMPILER_APPICON_NAME = AppIcon;
				ASSETCATALOG_COMPILER_GLOBAL_ACCENT_COLOR_NAME = AccentColor;
				CODE_SIGN_STYLE = Automatic;
				DEVELOPMENT_TEAM = F5UHMW8CQT;
				INFOPLIST_FILE = ChangeColor/Info.plist;
				LD_RUNPATH_SEARCH_PATHS = (
					"$(inherited)",
					"@executable_path/Frameworks",
				);
				PRODUCT_BUNDLE_IDENTIFIER = kuzma.zzz.ChangeColor;
				PRODUCT_NAME = "$(TARGET_NAME)";
				SWIFT_VERSION = 5.0;
				TARGETED_DEVICE_FAMILY = 1;
			};
			name = Debug;
		};
		21631579257A2BDE00353874 /* Release */ = {
			isa = XCBuildConfiguration;
			buildSettings = {
				ASSETCATALOG_COMPILER_APPICON_NAME = AppIcon;
				ASSETCATALOG_COMPILER_GLOBAL_ACCENT_COLOR_NAME = AccentColor;
				CODE_SIGN_STYLE = Automatic;
				DEVELOPMENT_TEAM = F5UHMW8CQT;
				INFOPLIST_FILE = ChangeColor/Info.plist;
				LD_RUNPATH_SEARCH_PATHS = (
					"$(inherited)",
					"@executable_path/Frameworks",
				);
				PRODUCT_BUNDLE_IDENTIFIER = kuzma.zzz.ChangeColor;
				PRODUCT_NAME = "$(TARGET_NAME)";
				SWIFT_VERSION = 5.0;
				TARGETED_DEVICE_FAMILY = 1;
			};
			name = Release;
		};
/* End XCBuildConfiguration section */

/* Begin XCConfigurationList section */
		2163155E257A2BDE00353874 /* Build configuration list for PBXProject "ChangeColor" */ = {
			isa = XCConfigurationList;
			buildConfigurations = (
				21631575257A2BDE00353874 /* Debug */,
				21631576257A2BDE00353874 /* Release */,
			);
			defaultConfigurationIsVisible = 0;
			defaultConfigurationName = Release;
		};
		21631577257A2BDE00353874 /* Build configuration list for PBXNativeTarget "ChangeColor" */ = {
			isa = XCConfigurationList;
			buildConfigurations = (
				21631578257A2BDE00353874 /* Debug */,
				21631579257A2BDE00353874 /* Release */,
			);
			defaultConfigurationIsVisible = 0;
			defaultConfigurationName = Release;
		};
/* End XCConfigurationList section */
	};
	rootObject = 2163155B257A2BDE00353874 /* Project object */;
}
